
Microsoft Visual Studio Solution File, Format Version 12.00
Project("{FAE04EC0-301F-11D3-BF4B-00C04F79EFBC}") = "Ssit.CrossX", "Engine\Ssit.CrossX\Ssit.CrossX.csproj", "{DA1A6507-8D4C-4351-8079-20126A75241E}"
EndProject
Project("{FAE04EC0-301F-11D3-BF4B-00C04F79EFBC}") = "Ssit.CrossX.NET", "Engine\Ssit.CrossX.NET\Ssit.CrossX.NET.csproj", "{DA1A1507-8D4C-4351-8079-20126A75241E}"
EndProject
Project("{FAE04EC0-301F-11D3-BF4B-00C04F79EFBC}") = "SampleGame.NET", "Samples\SampleGame.NET\SampleGame.NET.csproj", "{0FBD6310-EEBE-4095-B062-AEA01A9FD370}"
EndProject
Project("{2150E333-8FDC-42A3-9474-1A3956D46DE8}") = "Samples", "Samples", "{1459DEF1-1B2F-4082-A35D-68EBF619148B}"
EndProject
Project("{2150E333-8FDC-42A3-9474-1A3956D46DE8}") = "Engine", "Engine", "{494C2EB9-8F95-4A5A-819A-561C520C82C3}"
EndProject
Project("{FAE04EC0-301F-11D3-BF4B-00C04F79EFBC}") = "Ssit.CrossX.UI", "Engine\Ssit.CrossX.UI\Ssit.CrossX.UI.csproj", "{BD64D94D-643D-4594-85E1-18E820DF1A18}"
EndProject
Project("{FAE04EC0-301F-11D3-BF4B-00C04F79EFBC}") = "Ssit.CrossX.Games", "Engine\Ssit.CrossX.Games\Ssit.CrossX.Games.csproj", "{58DFCFA2-5E15-42CF-9BF7-83D4011680A5}"
EndProject
Project("{FAE04EC0-301F-11D3-BF4B-00C04F79EFBC}") = "Ssit.CrossX.Tool", "Engine\Ssit.CrossX.Tool\Ssit.CrossX.Tool.csproj", "{BD129416-02C4-4B56-AA60-FD1FB5EC85FC}"
EndProject
Project("{2150E333-8FDC-42A3-9474-1A3956D46DE8}") = "Gunslinger", "Gunslinger", "{2F81EB21-6B21-4406-A2CE-571154A5F463}"
EndProject
Project("{FAE04EC0-301F-11D3-BF4B-00C04F79EFBC}") = "Gunslinger.Core", "Gunslinger\Gunslinger.Core\Gunslinger.Core.csproj", "{C60183FD-0BDE-437E-8F95-0C00BD59E1A6}"
EndProject
Project("{FAE04EC0-301F-11D3-BF4B-00C04F79EFBC}") = "Gunslinger.NET", "Gunslinger\Gunslinger.NET\Gunslinger.NET.csproj", "{F97928B6-5F87-4CF4-96D2-2DA2A95576B3}"
EndProject
Project("{FAE04EC0-301F-11D3-BF4B-00C04F79EFBC}") = "Ssit.CrossX.Editor", "Engine\Ssit.CrossX.Editor\Ssit.CrossX.Editor.csproj", "{D08104CE-B0AA-469C-8186-17B9CB11A9C3}"
EndProject
Project("{FAE04EC0-301F-11D3-BF4B-00C04F79EFBC}") = "Editor", "Engine\Editor\Editor.csproj", "{452EE8A9-3926-44C4-8AAE-90C59E35B8E0}"
EndProject
Global
	GlobalSection(SolutionConfigurationPlatforms) = preSolution
		Debug|Any CPU = Debug|Any CPU
		Release|Any CPU = Release|Any CPU
	EndGlobalSection
	GlobalSection(ProjectConfigurationPlatforms) = postSolution
		{DA1A6507-8D4C-4351-8079-20126A75241E}.Debug|Any CPU.ActiveCfg = Debug|Any CPU
		{DA1A6507-8D4C-4351-8079-20126A75241E}.Debug|Any CPU.Build.0 = Debug|Any CPU
		{DA1A6507-8D4C-4351-8079-20126A75241E}.Release|Any CPU.ActiveCfg = Release|Any CPU
		{DA1A6507-8D4C-4351-8079-20126A75241E}.Release|Any CPU.Build.0 = Release|Any CPU
		{0FBD6310-EEBE-4095-B062-AEA01A9FD370}.Debug|Any CPU.ActiveCfg = Debug|Any CPU
		{0FBD6310-EEBE-4095-B062-AEA01A9FD370}.Debug|Any CPU.Build.0 = Debug|Any CPU
		{0FBD6310-EEBE-4095-B062-AEA01A9FD370}.Release|Any CPU.ActiveCfg = Release|Any CPU
		{0FBD6310-EEBE-4095-B062-AEA01A9FD370}.Release|Any CPU.Build.0 = Release|Any CPU
		{DA1A1507-8D4C-4351-8079-20126A75241E}.Debug|Any CPU.ActiveCfg = Debug|Any CPU
		{DA1A1507-8D4C-4351-8079-20126A75241E}.Debug|Any CPU.Build.0 = Debug|Any CPU
		{DA1A1507-8D4C-4351-8079-20126A75241E}.Release|Any CPU.ActiveCfg = Release|Any CPU
		{DA1A1507-8D4C-4351-8079-20126A75241E}.Release|Any CPU.Build.0 = Release|Any CPU
		{BD64D94D-643D-4594-85E1-18E820DF1A18}.Debug|Any CPU.ActiveCfg = Debug|Any CPU
		{BD64D94D-643D-4594-85E1-18E820DF1A18}.Debug|Any CPU.Build.0 = Debug|Any CPU
		{BD64D94D-643D-4594-85E1-18E820DF1A18}.Release|Any CPU.ActiveCfg = Release|Any CPU
		{BD64D94D-643D-4594-85E1-18E820DF1A18}.Release|Any CPU.Build.0 = Release|Any CPU
		{58DFCFA2-5E15-42CF-9BF7-83D4011680A5}.Debug|Any CPU.ActiveCfg = Debug|Any CPU
		{58DFCFA2-5E15-42CF-9BF7-83D4011680A5}.Debug|Any CPU.Build.0 = Debug|Any CPU
		{58DFCFA2-5E15-42CF-9BF7-83D4011680A5}.Release|Any CPU.ActiveCfg = Release|Any CPU
		{58DFCFA2-5E15-42CF-9BF7-83D4011680A5}.Release|Any CPU.Build.0 = Release|Any CPU
		{BD129416-02C4-4B56-AA60-FD1FB5EC85FC}.Debug|Any CPU.ActiveCfg = Debug|Any CPU
		{BD129416-02C4-4B56-AA60-FD1FB5EC85FC}.Debug|Any CPU.Build.0 = Debug|Any CPU
		{BD129416-02C4-4B56-AA60-FD1FB5EC85FC}.Release|Any CPU.ActiveCfg = Release|Any CPU
		{BD129416-02C4-4B56-AA60-FD1FB5EC85FC}.Release|Any CPU.Build.0 = Release|Any CPU
		{C60183FD-0BDE-437E-8F95-0C00BD59E1A6}.Debug|Any CPU.ActiveCfg = Debug|Any CPU
		{C60183FD-0BDE-437E-8F95-0C00BD59E1A6}.Debug|Any CPU.Build.0 = Debug|Any CPU
		{C60183FD-0BDE-437E-8F95-0C00BD59E1A6}.Release|Any CPU.ActiveCfg = Release|Any CPU
		{C60183FD-0BDE-437E-8F95-0C00BD59E1A6}.Release|Any CPU.Build.0 = Release|Any CPU
		{F97928B6-5F87-4CF4-96D2-2DA2A95576B3}.Debug|Any CPU.ActiveCfg = Debug|Any CPU
		{F97928B6-5F87-4CF4-96D2-2DA2A95576B3}.Debug|Any CPU.Build.0 = Debug|Any CPU
		{F97928B6-5F87-4CF4-96D2-2DA2A95576B3}.Release|Any CPU.ActiveCfg = Release|Any CPU
		{F97928B6-5F87-4CF4-96D2-2DA2A95576B3}.Release|Any CPU.Build.0 = Release|Any CPU
		{D08104CE-B0AA-469C-8186-17B9CB11A9C3}.Debug|Any CPU.ActiveCfg = Debug|Any CPU
		{D08104CE-B0AA-469C-8186-17B9CB11A9C3}.Debug|Any CPU.Build.0 = Debug|Any CPU
		{D08104CE-B0AA-469C-8186-17B9CB11A9C3}.Release|Any CPU.ActiveCfg = Release|Any CPU
		{D08104CE-B0AA-469C-8186-17B9CB11A9C3}.Release|Any CPU.Build.0 = Release|Any CPU
		{452EE8A9-3926-44C4-8AAE-90C59E35B8E0}.Debug|Any CPU.ActiveCfg = Debug|Any CPU
		{452EE8A9-3926-44C4-8AAE-90C59E35B8E0}.Debug|Any CPU.Build.0 = Debug|Any CPU
		{452EE8A9-3926-44C4-8AAE-90C59E35B8E0}.Release|Any CPU.ActiveCfg = Release|Any CPU
		{452EE8A9-3926-44C4-8AAE-90C59E35B8E0}.Release|Any CPU.Build.0 = Release|Any CPU
	EndGlobalSection
	GlobalSection(NestedProjects) = preSolution
		{0FBD6310-EEBE-4095-B062-AEA01A9FD370} = {1459DEF1-1B2F-4082-A35D-68EBF619148B}
		{DA1A6507-8D4C-4351-8079-20126A75241E} = {494C2EB9-8F95-4A5A-819A-561C520C82C3}
		{DA1A1507-8D4C-4351-8079-20126A75241E} = {494C2EB9-8F95-4A5A-819A-561C520C82C3}
		{BD64D94D-643D-4594-85E1-18E820DF1A18} = {494C2EB9-8F95-4A5A-819A-561C520C82C3}
		{58DFCFA2-5E15-42CF-9BF7-83D4011680A5} = {494C2EB9-8F95-4A5A-819A-561C520C82C3}
		{BD129416-02C4-4B56-AA60-FD1FB5EC85FC} = {494C2EB9-8F95-4A5A-819A-561C520C82C3}
		{C60183FD-0BDE-437E-8F95-0C00BD59E1A6} = {2F81EB21-6B21-4406-A2CE-571154A5F463}
		{F97928B6-5F87-4CF4-96D2-2DA2A95576B3} = {2F81EB21-6B21-4406-A2CE-571154A5F463}
		{D08104CE-B0AA-469C-8186-17B9CB11A9C3} = {494C2EB9-8F95-4A5A-819A-561C520C82C3}
		{452EE8A9-3926-44C4-8AAE-90C59E35B8E0} = {494C2EB9-8F95-4A5A-819A-561C520C82C3}
	EndGlobalSection
EndGlobal
