
Microsoft Visual Studio Solution File, Format Version 12.00
Project("{FAE04EC0-301F-11D3-BF4B-00C04F79EFBC}") = "Ssit.CrossX", "Engine\Ssit.CrossX\Ssit.CrossX.csproj", "{DA1A6507-8D4C-4351-8079-20126A75241E}"
EndProject
Project("{2150E333-8FDC-42A3-9474-1A3956D46DE8}") = "Engine", "Engine", "{494C2EB9-8F95-4A5A-819A-561C520C82C3}"
EndProject
Project("{FAE04EC0-301F-11D3-BF4B-00C04F79EFBC}") = "Ssit.CrossX.Games", "Engine\Ssit.CrossX.Games\Ssit.CrossX.Games.csproj", "{58DFCFA2-5E15-42CF-9BF7-83D4011680A5}"
EndProject
Project("{FAE04EC0-301F-11D3-BF4B-00C04F79EFBC}") = "Ssit.CrossX.Tool", "Engine\Ssit.CrossX.Tool\Ssit.CrossX.Tool.csproj", "{BD129416-02C4-4B56-AA60-FD1FB5EC85FC}"
EndProject
Project("{FAE04EC0-301F-11D3-BF4B-00C04F79EFBC}") = "Ssit.CrossX.Editor", "Engine\Ssit.CrossX.Editor\Ssit.CrossX.Editor.csproj", "{D08104CE-B0AA-469C-8186-17B9CB11A9C3}"
EndProject
Project("{FAE04EC0-301F-11D3-BF4B-00C04F79EFBC}") = "Ssit.CrossX.SDL", "Engine\Ssit.CrossX.SDL\Ssit.CrossX.SDL.csproj", "{68B651D5-E861-4645-AE76-B442FFFF4556}"
EndProject
Project("{2150E333-8FDC-42A3-9474-1A3956D46DE8}") = "Libs", "Libs", "{05F328DC-A636-41A9-A9FD-17718529DA3F}"
EndProject
Project("{FAE04EC0-301F-11D3-BF4B-00C04F79EFBC}") = "Ssit.IoC", "Engine\Ssit.IoC\Ssit.IoC\Ssit.IoC.csproj", "{0CC5ECED-4280-4738-B8B4-43C2D6F387AF}"
EndProject
Global
	GlobalSection(SolutionConfigurationPlatforms) = preSolution
		Debug|Any CPU = Debug|Any CPU
		Release|Any CPU = Release|Any CPU
	EndGlobalSection
	GlobalSection(ProjectConfigurationPlatforms) = postSolution
		{DA1A6507-8D4C-4351-8079-20126A75241E}.Debug|Any CPU.ActiveCfg = Debug|Any CPU
		{DA1A6507-8D4C-4351-8079-20126A75241E}.Debug|Any CPU.Build.0 = Debug|Any CPU
		{DA1A6507-8D4C-4351-8079-20126A75241E}.Release|Any CPU.ActiveCfg = Release|Any CPU
		{DA1A6507-8D4C-4351-8079-20126A75241E}.Release|Any CPU.Build.0 = Release|Any CPU
		{58DFCFA2-5E15-42CF-9BF7-83D4011680A5}.Debug|Any CPU.ActiveCfg = Debug|Any CPU
		{58DFCFA2-5E15-42CF-9BF7-83D4011680A5}.Debug|Any CPU.Build.0 = Debug|Any CPU
		{58DFCFA2-5E15-42CF-9BF7-83D4011680A5}.Release|Any CPU.ActiveCfg = Release|Any CPU
		{58DFCFA2-5E15-42CF-9BF7-83D4011680A5}.Release|Any CPU.Build.0 = Release|Any CPU
		{BD129416-02C4-4B56-AA60-FD1FB5EC85FC}.Debug|Any CPU.ActiveCfg = Debug|Any CPU
		{BD129416-02C4-4B56-AA60-FD1FB5EC85FC}.Debug|Any CPU.Build.0 = Debug|Any CPU
		{BD129416-02C4-4B56-AA60-FD1FB5EC85FC}.Release|Any CPU.ActiveCfg = Release|Any CPU
		{BD129416-02C4-4B56-AA60-FD1FB5EC85FC}.Release|Any CPU.Build.0 = Release|Any CPU
		{D08104CE-B0AA-469C-8186-17B9CB11A9C3}.Debug|Any CPU.ActiveCfg = Debug|Any CPU
		{D08104CE-B0AA-469C-8186-17B9CB11A9C3}.Debug|Any CPU.Build.0 = Debug|Any CPU
		{D08104CE-B0AA-469C-8186-17B9CB11A9C3}.Release|Any CPU.ActiveCfg = Release|Any CPU
		{D08104CE-B0AA-469C-8186-17B9CB11A9C3}.Release|Any CPU.Build.0 = Release|Any CPU
		{68B651D5-E861-4645-AE76-B442FFFF4556}.Debug|Any CPU.ActiveCfg = Debug|Any CPU
		{68B651D5-E861-4645-AE76-B442FFFF4556}.Debug|Any CPU.Build.0 = Debug|Any CPU
		{68B651D5-E861-4645-AE76-B442FFFF4556}.Release|Any CPU.ActiveCfg = Release|Any CPU
		{68B651D5-E861-4645-AE76-B442FFFF4556}.Release|Any CPU.Build.0 = Release|Any CPU
		{0CC5ECED-4280-4738-B8B4-43C2D6F387AF}.Debug|Any CPU.ActiveCfg = Debug|Any CPU
		{0CC5ECED-4280-4738-B8B4-43C2D6F387AF}.Debug|Any CPU.Build.0 = Debug|Any CPU
		{0CC5ECED-4280-4738-B8B4-43C2D6F387AF}.Release|Any CPU.ActiveCfg = Release|Any CPU
		{0CC5ECED-4280-4738-B8B4-43C2D6F387AF}.Release|Any CPU.Build.0 = Release|Any CPU
	EndGlobalSection
	GlobalSection(NestedProjects) = preSolution
		{DA1A6507-8D4C-4351-8079-20126A75241E} = {494C2EB9-8F95-4A5A-819A-561C520C82C3}
		{58DFCFA2-5E15-42CF-9BF7-83D4011680A5} = {494C2EB9-8F95-4A5A-819A-561C520C82C3}
		{BD129416-02C4-4B56-AA60-FD1FB5EC85FC} = {494C2EB9-8F95-4A5A-819A-561C520C82C3}
		{D08104CE-B0AA-469C-8186-17B9CB11A9C3} = {494C2EB9-8F95-4A5A-819A-561C520C82C3}
		{68B651D5-E861-4645-AE76-B442FFFF4556} = {494C2EB9-8F95-4A5A-819A-561C520C82C3}
		{0CC5ECED-4280-4738-B8B4-43C2D6F387AF} = {05F328DC-A636-41A9-A9FD-17718529DA3F}
	EndGlobalSection
EndGlobal
