
Microsoft Visual Studio Solution File, Format Version 12.00
Project("{FAE04EC0-301F-11D3-BF4B-00C04F79EFBC}") = "Ssit.CrossX", "Engine\Ssit.CrossX\Ssit.CrossX.csproj", "{DA1A6507-8D4C-4351-8079-20126A75241E}"
EndProject
Project("{FAE04EC0-301F-11D3-BF4B-00C04F79EFBC}") = "Ssit.CrossX.NET", "Engine\Ssit.CrossX.NET\Ssit.CrossX.NET.csproj", "{DA1A1507-8D4C-4351-8079-20126A75241E}"
EndProject
Project("{FAE04EC0-301F-11D3-BF4B-00C04F79EFBC}") = "SampleGame.NET", "Samples\SampleGame.NET\SampleGame.NET.csproj", "{0FBD6310-EEBE-4095-B062-AEA01A9FD370}"
EndProject
Project("{2150E333-8FDC-42A3-9474-1A3956D46DE8}") = "Samples", "Samples", "{1459DEF1-1B2F-4082-A35D-68EBF619148B}"
EndProject
Project("{2150E333-8FDC-42A3-9474-1A3956D46DE8}") = "Engine", "Engine", "{494C2EB9-8F95-4A5A-819A-561C520C82C3}"
EndProject
Project("{FAE04EC0-301F-11D3-BF4B-00C04F79EFBC}") = "Ssit.CrossX.UI", "Engine\Ssit.CrossX.UI\Ssit.CrossX.UI.csproj", "{BD64D94D-643D-4594-85E1-18E820DF1A18}"
EndProject
Project("{FAE04EC0-301F-11D3-BF4B-00C04F79EFBC}") = "Ssit.CrossX.Games", "Engine\Ssit.CrossX.Games\Ssit.CrossX.Games.csproj", "{58DFCFA2-5E15-42CF-9BF7-83D4011680A5}"
EndProject
Global
	GlobalSection(SolutionConfigurationPlatforms) = preSolution
		Debug|Any CPU = Debug|Any CPU
		Release|Any CPU = Release|Any CPU
	EndGlobalSection
	GlobalSection(ProjectConfigurationPlatforms) = postSolution
		{DA1A6507-8D4C-4351-8079-20126A75241E}.Debug|Any CPU.ActiveCfg = Debug|Any CPU
		{DA1A6507-8D4C-4351-8079-20126A75241E}.Debug|Any CPU.Build.0 = Debug|Any CPU
		{DA1A6507-8D4C-4351-8079-20126A75241E}.Release|Any CPU.ActiveCfg = Release|Any CPU
		{DA1A6507-8D4C-4351-8079-20126A75241E}.Release|Any CPU.Build.0 = Release|Any CPU
		{0FBD6310-EEBE-4095-B062-AEA01A9FD370}.Debug|Any CPU.ActiveCfg = Debug|Any CPU
		{0FBD6310-EEBE-4095-B062-AEA01A9FD370}.Debug|Any CPU.Build.0 = Debug|Any CPU
		{0FBD6310-EEBE-4095-B062-AEA01A9FD370}.Release|Any CPU.ActiveCfg = Release|Any CPU
		{0FBD6310-EEBE-4095-B062-AEA01A9FD370}.Release|Any CPU.Build.0 = Release|Any CPU
		{DA1A1507-8D4C-4351-8079-20126A75241E}.Debug|Any CPU.ActiveCfg = Debug|Any CPU
		{DA1A1507-8D4C-4351-8079-20126A75241E}.Debug|Any CPU.Build.0 = Debug|Any CPU
		{BD64D94D-643D-4594-85E1-18E820DF1A18}.Debug|Any CPU.ActiveCfg = Debug|Any CPU
		{BD64D94D-643D-4594-85E1-18E820DF1A18}.Debug|Any CPU.Build.0 = Debug|Any CPU
		{BD64D94D-643D-4594-85E1-18E820DF1A18}.Release|Any CPU.ActiveCfg = Release|Any CPU
		{BD64D94D-643D-4594-85E1-18E820DF1A18}.Release|Any CPU.Build.0 = Release|Any CPU
		{58DFCFA2-5E15-42CF-9BF7-83D4011680A5}.Debug|Any CPU.ActiveCfg = Debug|Any CPU
		{58DFCFA2-5E15-42CF-9BF7-83D4011680A5}.Debug|Any CPU.Build.0 = Debug|Any CPU
		{58DFCFA2-5E15-42CF-9BF7-83D4011680A5}.Release|Any CPU.ActiveCfg = Release|Any CPU
		{58DFCFA2-5E15-42CF-9BF7-83D4011680A5}.Release|Any CPU.Build.0 = Release|Any CPU
	EndGlobalSection
	GlobalSection(NestedProjects) = preSolution
		{0FBD6310-EEBE-4095-B062-AEA01A9FD370} = {1459DEF1-1B2F-4082-A35D-68EBF619148B}
		{DA1A6507-8D4C-4351-8079-20126A75241E} = {494C2EB9-8F95-4A5A-819A-561C520C82C3}
		{DA1A1507-8D4C-4351-8079-20126A75241E} = {494C2EB9-8F95-4A5A-819A-561C520C82C3}
		{BD64D94D-643D-4594-85E1-18E820DF1A18} = {494C2EB9-8F95-4A5A-819A-561C520C82C3}
		{58DFCFA2-5E15-42CF-9BF7-83D4011680A5} = {494C2EB9-8F95-4A5A-819A-561C520C82C3}
	EndGlobalSection
EndGlobal
